dependencies:
- name: postgresql
  repository: https://charts.bitnami.com/bitnami
  version: 8.10.5
- name: redis
  repository: https://charts.bitnami.com/bitnami
  version: 10.7.1
- name: prometheus-operator
  repository: https://kubernetes-charts.storage.googleapis.com
  version: 8.x.x
digest: sha256:7bd93b74aeb5e445ded48ec679323c8b030694004612e5554a562a6726e40396
generated: "2020-06-15T20:15:41.556290069+03:00"
